
Microsoft Visual Studio Solution File, Format Version 12.00
# Visual Studio Version 17
VisualStudioVersion = 17.0.32014.148
MinimumVisualStudioVersion = 10.0.40219.1
Project("{FAE04EC0-301F-11D3-BF4B-00C04F79EFBC}") = "BulkObjectReplacement", "BulkObjectReplacement.csproj", "{16DAB370-364A-4CAA-8328-7659E4B03995}"
EndProject
Global
	GlobalSection(SolutionConfigurationPlatforms) = preSolution
		Debug|Any CPU = Debug|Any CPU
		Release|Any CPU = Release|Any CPU
	EndGlobalSection
	GlobalSection(ProjectConfigurationPlatforms) = postSolution
		{16DAB370-364A-4CAA-8328-7659E4B03995}.Debug|Any CPU.ActiveCfg = Debug|Any CPU
		{16DAB370-364A-4CAA-8328-7659E4B03995}.Debug|Any CPU.Build.0 = Debug|Any CPU
		{16DAB370-364A-4CAA-8328-7659E4B03995}.Release|Any CPU.ActiveCfg = Release|Any CPU
		{16DAB370-364A-4CAA-8328-7659E4B03995}.Release|Any CPU.Build.0 = Release|Any CPU
	EndGlobalSection
	GlobalSection(SolutionProperties) = preSolution
		HideSolutionNode = FALSE
	EndGlobalSection
	GlobalSection(ExtensibilityGlobals) = postSolution
		SolutionGuid = {F20BEC52-3050-4072-8445-D11CE1E3B24D}
	EndGlobalSection
EndGlobal
